
Microsoft Visual Studio Solution File, Format Version 12.00
# Visual Studio 15
VisualStudioVersion = 15.0.26730.12
MinimumVisualStudioVersion = 10.0.40219.1
Project("{2150E333-8FDC-42A3-9474-1A3956D46DE8}") = "Solution Items", "Solution Items", "{C641D16F-6B2F-42C2-81AE-ABBF7C1D4A85}"
	ProjectSection(SolutionItems) = preProject
		README.md = README.md
	EndProjectSection
EndProject
Project("{9A19103F-16F7-4668-BE54-9A1E7A4F7556}") = "EntityFrameworkCore.Triggers", "src\EntityFrameworkCore.Triggers\EntityFrameworkCore.Triggers.csproj", "{8A37C5E0-C635-4324-ABD8-572E3C68438A}"
EndProject
Project("{9A19103F-16F7-4668-BE54-9A1E7A4F7556}") = "Testing", "test\Testing\Testing.csproj", "{FF33E298-5F3C-41B3-99FE-B434B317B58C}"
EndProject
Project("{9A19103F-16F7-4668-BE54-9A1E7A4F7556}") = "EntityFrameworkCore.Triggers.AspNetCore", "src\EntityFrameworkCore.Triggers.AspNetCore\EntityFrameworkCore.Triggers.AspNetCore.csproj", "{9288F9F7-6E24-4773-BE72-62E46A1242B2}"
EndProject
Project("{9A19103F-16F7-4668-BE54-9A1E7A4F7556}") = "TestsCore", "test\TestsCore\TestsCore.csproj", "{6FD4046C-8BC8-42EB-9023-71188F5422EC}"
EndProject
Project("{9A19103F-16F7-4668-BE54-9A1E7A4F7556}") = "TestsCore.net461", "test\TestsCore.net461\TestsCore.net461.csproj", "{779ED957-B234-4E9D-8437-C54F51856FC7}"
EndProject
Project("{2150E333-8FDC-42A3-9474-1A3956D46DE8}") = "src", "src", "{D7D8E993-0048-470A-9AAC-57AB11898D76}"
EndProject
Project("{2150E333-8FDC-42A3-9474-1A3956D46DE8}") = "test", "test", "{574C1572-AEB6-49BD-88F0-448848A6DBA1}"
EndProject
Project("{FAE04EC0-301F-11D3-BF4B-00C04F79EFBC}") = "Tests", "test\Tests\Tests.csproj", "{9F752D45-4772-40C6-BB97-57951318780A}"
EndProject
Project("{9A19103F-16F7-4668-BE54-9A1E7A4F7556}") = "EntityFramework.Triggers", "src\EntityFramework.Triggers\EntityFramework.Triggers.csproj", "{7248163D-E00A-44F4-B0FE-D1A798D8058F}"
EndProject
Project("{9A19103F-16F7-4668-BE54-9A1E7A4F7556}") = "EntityFramework.Triggers.AspNetCore", "src\EntityFramework.Triggers.AspNetCore\EntityFramework.Triggers.AspNetCore.csproj", "{2DADC956-591B-4605-A624-7D9546B3285C}"
EndProject
Project("{FAE04EC0-301F-11D3-BF4B-00C04F79EFBC}") = "EntityFramework.Triggers.AspNetCore.Test", "test\EntityFramework.Triggers.AspNetCore.Test\EntityFramework.Triggers.AspNetCore.Test.csproj", "{6F1B5B0B-052B-4738-882D-D623947C5077}"
EndProject
Project("{FAE04EC0-301F-11D3-BF4B-00C04F79EFBC}") = "EntityFrameworkCore.Triggers.AspNetCore.Test", "test\EntityFrameworkCore.Triggers.AspNetCore.Test\EntityFrameworkCore.Triggers.AspNetCore.Test.csproj", "{0D2FCC28-96AF-4638-AFA5-5C260BF3AE76}"
EndProject
Global
	GlobalSection(SolutionConfigurationPlatforms) = preSolution
		Debug|Any CPU = Debug|Any CPU
		Release|Any CPU = Release|Any CPU
	EndGlobalSection
	GlobalSection(ProjectConfigurationPlatforms) = postSolution
		{8A37C5E0-C635-4324-ABD8-572E3C68438A}.Debug|Any CPU.ActiveCfg = Debug|Any CPU
		{8A37C5E0-C635-4324-ABD8-572E3C68438A}.Debug|Any CPU.Build.0 = Debug|Any CPU
		{8A37C5E0-C635-4324-ABD8-572E3C68438A}.Release|Any CPU.ActiveCfg = Release|Any CPU
		{8A37C5E0-C635-4324-ABD8-572E3C68438A}.Release|Any CPU.Build.0 = Release|Any CPU
		{FF33E298-5F3C-41B3-99FE-B434B317B58C}.Debug|Any CPU.ActiveCfg = Debug|Any CPU
		{FF33E298-5F3C-41B3-99FE-B434B317B58C}.Debug|Any CPU.Build.0 = Debug|Any CPU
		{FF33E298-5F3C-41B3-99FE-B434B317B58C}.Release|Any CPU.ActiveCfg = Release|Any CPU
		{FF33E298-5F3C-41B3-99FE-B434B317B58C}.Release|Any CPU.Build.0 = Release|Any CPU
		{9288F9F7-6E24-4773-BE72-62E46A1242B2}.Debug|Any CPU.ActiveCfg = Debug|Any CPU
		{9288F9F7-6E24-4773-BE72-62E46A1242B2}.Debug|Any CPU.Build.0 = Debug|Any CPU
		{9288F9F7-6E24-4773-BE72-62E46A1242B2}.Release|Any CPU.ActiveCfg = Release|Any CPU
		{9288F9F7-6E24-4773-BE72-62E46A1242B2}.Release|Any CPU.Build.0 = Release|Any CPU
		{6FD4046C-8BC8-42EB-9023-71188F5422EC}.Debug|Any CPU.ActiveCfg = Debug|Any CPU
		{6FD4046C-8BC8-42EB-9023-71188F5422EC}.Debug|Any CPU.Build.0 = Debug|Any CPU
		{6FD4046C-8BC8-42EB-9023-71188F5422EC}.Release|Any CPU.ActiveCfg = Release|Any CPU
		{6FD4046C-8BC8-42EB-9023-71188F5422EC}.Release|Any CPU.Build.0 = Release|Any CPU
		{779ED957-B234-4E9D-8437-C54F51856FC7}.Debug|Any CPU.ActiveCfg = Debug|Any CPU
		{779ED957-B234-4E9D-8437-C54F51856FC7}.Debug|Any CPU.Build.0 = Debug|Any CPU
		{779ED957-B234-4E9D-8437-C54F51856FC7}.Release|Any CPU.ActiveCfg = Release|Any CPU
		{779ED957-B234-4E9D-8437-C54F51856FC7}.Release|Any CPU.Build.0 = Release|Any CPU
		{9F752D45-4772-40C6-BB97-57951318780A}.Debug|Any CPU.ActiveCfg = Debug|Any CPU
		{9F752D45-4772-40C6-BB97-57951318780A}.Debug|Any CPU.Build.0 = Debug|Any CPU
		{9F752D45-4772-40C6-BB97-57951318780A}.Release|Any CPU.ActiveCfg = Release|Any CPU
		{9F752D45-4772-40C6-BB97-57951318780A}.Release|Any CPU.Build.0 = Release|Any CPU
		{7248163D-E00A-44F4-B0FE-D1A798D8058F}.Debug|Any CPU.ActiveCfg = Debug|Any CPU
		{7248163D-E00A-44F4-B0FE-D1A798D8058F}.Debug|Any CPU.Build.0 = Debug|Any CPU
		{7248163D-E00A-44F4-B0FE-D1A798D8058F}.Release|Any CPU.ActiveCfg = Release|Any CPU
		{7248163D-E00A-44F4-B0FE-D1A798D8058F}.Release|Any CPU.Build.0 = Release|Any CPU
		{2DADC956-591B-4605-A624-7D9546B3285C}.Debug|Any CPU.ActiveCfg = Debug|Any CPU
		{2DADC956-591B-4605-A624-7D9546B3285C}.Debug|Any CPU.Build.0 = Debug|Any CPU
		{2DADC956-591B-4605-A624-7D9546B3285C}.Release|Any CPU.ActiveCfg = Release|Any CPU
		{2DADC956-591B-4605-A624-7D9546B3285C}.Release|Any CPU.Build.0 = Release|Any CPU
		{6F1B5B0B-052B-4738-882D-D623947C5077}.Debug|Any CPU.ActiveCfg = Debug|Any CPU
		{6F1B5B0B-052B-4738-882D-D623947C5077}.Debug|Any CPU.Build.0 = Debug|Any CPU
		{6F1B5B0B-052B-4738-882D-D623947C5077}.Release|Any CPU.ActiveCfg = Release|Any CPU
		{6F1B5B0B-052B-4738-882D-D623947C5077}.Release|Any CPU.Build.0 = Release|Any CPU
		{0D2FCC28-96AF-4638-AFA5-5C260BF3AE76}.Debug|Any CPU.ActiveCfg = Debug|Any CPU
		{0D2FCC28-96AF-4638-AFA5-5C260BF3AE76}.Debug|Any CPU.Build.0 = Debug|Any CPU
		{0D2FCC28-96AF-4638-AFA5-5C260BF3AE76}.Release|Any CPU.ActiveCfg = Release|Any CPU
		{0D2FCC28-96AF-4638-AFA5-5C260BF3AE76}.Release|Any CPU.Build.0 = Release|Any CPU
	EndGlobalSection
	GlobalSection(SolutionProperties) = preSolution
		HideSolutionNode = FALSE
	EndGlobalSection
	GlobalSection(NestedProjects) = preSolution
		{8A37C5E0-C635-4324-ABD8-572E3C68438A} = {D7D8E993-0048-470A-9AAC-57AB11898D76}
		{FF33E298-5F3C-41B3-99FE-B434B317B58C} = {574C1572-AEB6-49BD-88F0-448848A6DBA1}
		{9288F9F7-6E24-4773-BE72-62E46A1242B2} = {D7D8E993-0048-470A-9AAC-57AB11898D76}
		{6FD4046C-8BC8-42EB-9023-71188F5422EC} = {574C1572-AEB6-49BD-88F0-448848A6DBA1}
		{779ED957-B234-4E9D-8437-C54F51856FC7} = {574C1572-AEB6-49BD-88F0-448848A6DBA1}
		{9F752D45-4772-40C6-BB97-57951318780A} = {574C1572-AEB6-49BD-88F0-448848A6DBA1}
		{7248163D-E00A-44F4-B0FE-D1A798D8058F} = {D7D8E993-0048-470A-9AAC-57AB11898D76}
		{2DADC956-591B-4605-A624-7D9546B3285C} = {D7D8E993-0048-470A-9AAC-57AB11898D76}
		{6F1B5B0B-052B-4738-882D-D623947C5077} = {574C1572-AEB6-49BD-88F0-448848A6DBA1}
		{0D2FCC28-96AF-4638-AFA5-5C260BF3AE76} = {574C1572-AEB6-49BD-88F0-448848A6DBA1}
	EndGlobalSection
	GlobalSection(ExtensibilityGlobals) = postSolution
		SolutionGuid = {F8B27114-EEC8-4C90-A8B9-336951F10840}
	EndGlobalSection
EndGlobal
