
Microsoft Visual Studio Solution File, Format Version 12.00
# Visual Studio Version 16
VisualStudioVersion = 16.0.29319.158
MinimumVisualStudioVersion = 10.0.40219.1
Project("{2150E333-8FDC-42A3-9474-1A3956D46DE8}") = "Solution Items", "Solution Items", "{C641D16F-6B2F-42C2-81AE-ABBF7C1D4A85}"
	ProjectSection(SolutionItems) = preProject
		README.md = README.md
	EndProjectSection
EndProject
Project("{9A19103F-16F7-4668-BE54-9A1E7A4F7556}") = "EntityFrameworkCore.Triggers", "src\EntityFrameworkCore.Triggers\EntityFrameworkCore.Triggers.csproj", "{8A37C5E0-C635-4324-ABD8-572E3C68438A}"
EndProject
Project("{9A19103F-16F7-4668-BE54-9A1E7A4F7556}") = "Testing", "test\Testing\Testing.csproj", "{FF33E298-5F3C-41B3-99FE-B434B317B58C}"
EndProject
Project("{9A19103F-16F7-4668-BE54-9A1E7A4F7556}") = "TestsCore", "test\TestsCore\TestsCore.csproj", "{6FD4046C-8BC8-42EB-9023-71188F5422EC}"
EndProject
Project("{2150E333-8FDC-42A3-9474-1A3956D46DE8}") = "src", "src", "{D7D8E993-0048-470A-9AAC-57AB11898D76}"
EndProject
Project("{2150E333-8FDC-42A3-9474-1A3956D46DE8}") = "test", "test", "{574C1572-AEB6-49BD-88F0-448848A6DBA1}"
EndProject
Project("{9A19103F-16F7-4668-BE54-9A1E7A4F7556}") = "TestingAsync", "test\TestingAsync\TestingAsync.csproj", "{6894C968-E451-4A62-A4EF-ACD5814BDA92}"
EndProject
Global
	GlobalSection(SolutionConfigurationPlatforms) = preSolution
		Debug|Any CPU = Debug|Any CPU
		Release|Any CPU = Release|Any CPU
	EndGlobalSection
	GlobalSection(ProjectConfigurationPlatforms) = postSolution
		{8A37C5E0-C635-4324-ABD8-572E3C68438A}.Debug|Any CPU.ActiveCfg = Debug|Any CPU
		{8A37C5E0-C635-4324-ABD8-572E3C68438A}.Debug|Any CPU.Build.0 = Debug|Any CPU
		{8A37C5E0-C635-4324-ABD8-572E3C68438A}.Release|Any CPU.ActiveCfg = Release|Any CPU
		{8A37C5E0-C635-4324-ABD8-572E3C68438A}.Release|Any CPU.Build.0 = Release|Any CPU
		{FF33E298-5F3C-41B3-99FE-B434B317B58C}.Debug|Any CPU.ActiveCfg = Debug|Any CPU
		{FF33E298-5F3C-41B3-99FE-B434B317B58C}.Debug|Any CPU.Build.0 = Debug|Any CPU
		{FF33E298-5F3C-41B3-99FE-B434B317B58C}.Release|Any CPU.ActiveCfg = Release|Any CPU
		{FF33E298-5F3C-41B3-99FE-B434B317B58C}.Release|Any CPU.Build.0 = Release|Any CPU
		{6FD4046C-8BC8-42EB-9023-71188F5422EC}.Debug|Any CPU.ActiveCfg = Debug|Any CPU
		{6FD4046C-8BC8-42EB-9023-71188F5422EC}.Debug|Any CPU.Build.0 = Debug|Any CPU
		{6FD4046C-8BC8-42EB-9023-71188F5422EC}.Release|Any CPU.ActiveCfg = Release|Any CPU
		{6FD4046C-8BC8-42EB-9023-71188F5422EC}.Release|Any CPU.Build.0 = Release|Any CPU
		{6894C968-E451-4A62-A4EF-ACD5814BDA92}.Debug|Any CPU.ActiveCfg = Debug|Any CPU
		{6894C968-E451-4A62-A4EF-ACD5814BDA92}.Debug|Any CPU.Build.0 = Debug|Any CPU
		{6894C968-E451-4A62-A4EF-ACD5814BDA92}.Release|Any CPU.ActiveCfg = Release|Any CPU
		{6894C968-E451-4A62-A4EF-ACD5814BDA92}.Release|Any CPU.Build.0 = Release|Any CPU
	EndGlobalSection
	GlobalSection(SolutionProperties) = preSolution
		HideSolutionNode = FALSE
	EndGlobalSection
	GlobalSection(NestedProjects) = preSolution
		{8A37C5E0-C635-4324-ABD8-572E3C68438A} = {D7D8E993-0048-470A-9AAC-57AB11898D76}
		{FF33E298-5F3C-41B3-99FE-B434B317B58C} = {574C1572-AEB6-49BD-88F0-448848A6DBA1}
		{6FD4046C-8BC8-42EB-9023-71188F5422EC} = {574C1572-AEB6-49BD-88F0-448848A6DBA1}
		{6894C968-E451-4A62-A4EF-ACD5814BDA92} = {574C1572-AEB6-49BD-88F0-448848A6DBA1}
	EndGlobalSection
	GlobalSection(ExtensibilityGlobals) = postSolution
		SolutionGuid = {F8B27114-EEC8-4C90-A8B9-336951F10840}
	EndGlobalSection
EndGlobal
